
Microsoft Visual Studio Solution File, Format Version 12.00
Project("{FAE04EC0-301F-11D3-BF4B-00C04F79EFBC}") = "Bonyan.BNB", "Frameworks\Bonyan.BNB\Bonyan.BNB.csproj", "{5E8EE3E1-1899-42C1-876A-28F332C2380D}"
EndProject
Project("{2150E333-8FDC-42A3-9474-1A3956D46DE8}") = "Frameworks", "Frameworks", "{001F2F4E-41BE-48D9-959C-5F55FE5A1C81}"
EndProject
Project("{FAE04EC0-301F-11D3-BF4B-00C04F79EFBC}") = "Bonyan.BNB.AspNetCore", "Frameworks\Bonyan.BNB.AspNetCore\Bonyan.BNB.AspNetCore.csproj", "{B0941A8D-77A1-4EF5-8569-FD9A09C9F83E}"
EndProject
Project("{FAE04EC0-301F-11D3-BF4B-00C04F79EFBC}") = "Bonyan.BNB.DDD.Domain", "Frameworks\Bonyan.BNB.DDD.Domain\Bonyan.BNB.DDD.Domain.csproj", "{E3492665-04AA-48E4-B889-CA4B66DD8A55}"
EndProject
Project("{FAE04EC0-301F-11D3-BF4B-00C04F79EFBC}") = "Bonyan.BNB.Auditing", "Frameworks\Bonyan.BNB.Auditing\Bonyan.BNB.Auditing.csproj", "{AA14F626-5032-4065-98D8-1D41A44C2C96}"
EndProject
Project("{FAE04EC0-301F-11D3-BF4B-00C04F79EFBC}") = "Bonyan.BNB.Data", "Frameworks\Bonyan.BNB.Data\Bonyan.BNB.Data.csproj", "{804F809E-E4BD-4C99-884B-D7D6A783F726}"
EndProject
Global
	GlobalSection(SolutionConfigurationPlatforms) = preSolution
		Debug|Any CPU = Debug|Any CPU
		Release|Any CPU = Release|Any CPU
	EndGlobalSection
	GlobalSection(ProjectConfigurationPlatforms) = postSolution
		{5E8EE3E1-1899-42C1-876A-28F332C2380D}.Debug|Any CPU.ActiveCfg = Debug|Any CPU
		{5E8EE3E1-1899-42C1-876A-28F332C2380D}.Debug|Any CPU.Build.0 = Debug|Any CPU
		{5E8EE3E1-1899-42C1-876A-28F332C2380D}.Release|Any CPU.ActiveCfg = Release|Any CPU
		{5E8EE3E1-1899-42C1-876A-28F332C2380D}.Release|Any CPU.Build.0 = Release|Any CPU
		{B0941A8D-77A1-4EF5-8569-FD9A09C9F83E}.Debug|Any CPU.ActiveCfg = Debug|Any CPU
		{B0941A8D-77A1-4EF5-8569-FD9A09C9F83E}.Debug|Any CPU.Build.0 = Debug|Any CPU
		{B0941A8D-77A1-4EF5-8569-FD9A09C9F83E}.Release|Any CPU.ActiveCfg = Release|Any CPU
		{B0941A8D-77A1-4EF5-8569-FD9A09C9F83E}.Release|Any CPU.Build.0 = Release|Any CPU
		{E3492665-04AA-48E4-B889-CA4B66DD8A55}.Debug|Any CPU.ActiveCfg = Debug|Any CPU
		{E3492665-04AA-48E4-B889-CA4B66DD8A55}.Debug|Any CPU.Build.0 = Debug|Any CPU
		{E3492665-04AA-48E4-B889-CA4B66DD8A55}.Release|Any CPU.ActiveCfg = Release|Any CPU
		{E3492665-04AA-48E4-B889-CA4B66DD8A55}.Release|Any CPU.Build.0 = Release|Any CPU
		{AA14F626-5032-4065-98D8-1D41A44C2C96}.Debug|Any CPU.ActiveCfg = Debug|Any CPU
		{AA14F626-5032-4065-98D8-1D41A44C2C96}.Debug|Any CPU.Build.0 = Debug|Any CPU
		{AA14F626-5032-4065-98D8-1D41A44C2C96}.Release|Any CPU.ActiveCfg = Release|Any CPU
		{AA14F626-5032-4065-98D8-1D41A44C2C96}.Release|Any CPU.Build.0 = Release|Any CPU
		{804F809E-E4BD-4C99-884B-D7D6A783F726}.Debug|Any CPU.ActiveCfg = Debug|Any CPU
		{804F809E-E4BD-4C99-884B-D7D6A783F726}.Debug|Any CPU.Build.0 = Debug|Any CPU
		{804F809E-E4BD-4C99-884B-D7D6A783F726}.Release|Any CPU.ActiveCfg = Release|Any CPU
		{804F809E-E4BD-4C99-884B-D7D6A783F726}.Release|Any CPU.Build.0 = Release|Any CPU
	EndGlobalSection
	GlobalSection(NestedProjects) = preSolution
		{5E8EE3E1-1899-42C1-876A-28F332C2380D} = {001F2F4E-41BE-48D9-959C-5F55FE5A1C81}
		{B0941A8D-77A1-4EF5-8569-FD9A09C9F83E} = {001F2F4E-41BE-48D9-959C-5F55FE5A1C81}
		{E3492665-04AA-48E4-B889-CA4B66DD8A55} = {001F2F4E-41BE-48D9-959C-5F55FE5A1C81}
		{AA14F626-5032-4065-98D8-1D41A44C2C96} = {001F2F4E-41BE-48D9-959C-5F55FE5A1C81}
		{804F809E-E4BD-4C99-884B-D7D6A783F726} = {001F2F4E-41BE-48D9-959C-5F55FE5A1C81}
	EndGlobalSection
EndGlobal
