
Microsoft Visual Studio Solution File, Format Version 12.00
Project("{FAE04EC0-301F-11D3-BF4B-00C04F79EFBC}") = "Bonyan.BNB", "Frameworks\Bonyan.BNB\Bonyan.BNB.csproj", "{5E8EE3E1-1899-42C1-876A-28F332C2380D}"
EndProject
Project("{2150E333-8FDC-42A3-9474-1A3956D46DE8}") = "Frameworks", "Frameworks", "{001F2F4E-41BE-48D9-959C-5F55FE5A1C81}"
EndProject
Project("{FAE04EC0-301F-11D3-BF4B-00C04F79EFBC}") = "Bonyan.BNB.AspNetCore", "Frameworks\Bonyan.BNB.AspNetCore\Bonyan.BNB.AspNetCore.csproj", "{B0941A8D-77A1-4EF5-8569-FD9A09C9F83E}"
EndProject
Project("{FAE04EC0-301F-11D3-BF4B-00C04F79EFBC}") = "Bonyan.BNB.DDD.Domain", "Frameworks\Bonyan.BNB.DDD.Domain\Bonyan.BNB.DDD.Domain.csproj", "{E3492665-04AA-48E4-B889-CA4B66DD8A55}"
EndProject
Project("{FAE04EC0-301F-11D3-BF4B-00C04F79EFBC}") = "Bonyan.BNB.Auditing", "Frameworks\Bonyan.BNB.Auditing\Bonyan.BNB.Auditing.csproj", "{AA14F626-5032-4065-98D8-1D41A44C2C96}"
EndProject
Project("{FAE04EC0-301F-11D3-BF4B-00C04F79EFBC}") = "Bonyan.BNB.Data", "Frameworks\Bonyan.BNB.Data\Bonyan.BNB.Data.csproj", "{804F809E-E4BD-4C99-884B-D7D6A783F726}"
EndProject
Project("{FAE04EC0-301F-11D3-BF4B-00C04F79EFBC}") = "Bonyan.BNB.MongoDB", "Frameworks\Bonyan.BNB.MongoDB\Bonyan.BNB.MongoDB.csproj", "{10DD0B6C-6887-4ADC-8504-F447171776DE}"
EndProject
Project("{FAE04EC0-301F-11D3-BF4B-00C04F79EFBC}") = "Bonyan.BNB.DDD.Application", "Frameworks\Bonyan.BNB.DDD.Application\Bonyan.BNB.DDD.Application.csproj", "{72AEB1BC-059B-4579-8CC2-6EDAA25D66EB}"
EndProject
Project("{2150E333-8FDC-42A3-9474-1A3956D46DE8}") = "Tests", "Tests", "{FD5D0DE2-ED29-42B0-9B1C-8545642EEC5C}"
EndProject
Project("{FAE04EC0-301F-11D3-BF4B-00C04F79EFBC}") = "Bonyan.BNB.Test", "Tests\Bonyan.BNB.Test\Bonyan.BNB.Test.csproj", "{653898A2-8692-41AB-B373-A221D0A39EE0}"
EndProject
Project("{FAE04EC0-301F-11D3-BF4B-00C04F79EFBC}") = "Bonyan.BNB.DDD.Test", "Tests\Bonyan.BNB.DDD.Test\Bonyan.BNB.DDD.Test.csproj", "{2C915950-37F6-4DCA-B7A5-DDE6113E50DE}"
EndProject
Project("{FAE04EC0-301F-11D3-BF4B-00C04F79EFBC}") = "Bonyan.BNB.DDD.Application.Contracts", "Frameworks\Bonyan.BNB.DDD.Application.Contracts\Bonyan.BNB.DDD.Application.Contracts.csproj", "{010E7C85-208A-4CCD-9055-5CE206140147}"
EndProject
Project("{2150E333-8FDC-42A3-9474-1A3956D46DE8}") = "Templates", "Templates", "{2B35B78E-EE66-436E-B2CE-7E577B1D2A84}"
EndProject
Project("{FAE04EC0-301F-11D3-BF4B-00C04F79EFBC}") = "Bonyan.Example.Domain", "Templates\Bonyan.Example.Domain\Bonyan.Example.Domain.csproj", "{D8D4A651-F0A3-4C07-B86F-B1EA916AC043}"
EndProject
Project("{FAE04EC0-301F-11D3-BF4B-00C04F79EFBC}") = "Bonyan.Example.Application", "Templates\Bonyan.Example.Application\Bonyan.Example.Application.csproj", "{3308A956-6186-4992-9C13-89C5049F2E32}"
EndProject
Project("{FAE04EC0-301F-11D3-BF4B-00C04F79EFBC}") = "Bonyan.Example.Application.Contracts", "Templates\Bonyan.Example.Application.Contracts\Bonyan.Example.Application.Contracts.csproj", "{96423501-EF8F-43A4-9B25-D1D54AE0534B}"
EndProject
Project("{FAE04EC0-301F-11D3-BF4B-00C04F79EFBC}") = "Bonyan.Example.Domain.Shared", "Templates\Bonyan.Example.Domain.Shared\Bonyan.Example.Domain.Shared.csproj", "{2ADB85C6-8C1B-439C-869E-1E86ACE91F2E}"
EndProject
Project("{FAE04EC0-301F-11D3-BF4B-00C04F79EFBC}") = "Bonyan.Example.Infrastructure.Mongo", "Templates\Bonyan.Example.Infrastructure.Mongo\Bonyan.Example.Infrastructure.Mongo.csproj", "{8D0B7CC7-9887-4004-89E6-1A74FBD50900}"
EndProject
Project("{FAE04EC0-301F-11D3-BF4B-00C04F79EFBC}") = "Bonyan.Example.Api", "Templates\Bonyan.Example.Api\Bonyan.Example.Api.csproj", "{D524D025-784D-466D-80E1-BD39FD0AE0F6}"
EndProject
Project("{FAE04EC0-301F-11D3-BF4B-00C04F79EFBC}") = "Bonyan.BNB.AutoMapper", "Frameworks\Bonyan.BNB.AutoMapper\Bonyan.BNB.AutoMapper.csproj", "{0902C0A7-ACAE-4D36-9268-C615AA00D6B0}"
EndProject
Project("{FAE04EC0-301F-11D3-BF4B-00C04F79EFBC}") = "Bonyan.BNB.ObjectMapping", "Frameworks\Bonyan.BNB.ObjectMapping\Bonyan.BNB.ObjectMapping.csproj", "{673F1247-7C5B-4461-AEBC-417E34926F5C}"
EndProject
Global
	GlobalSection(SolutionConfigurationPlatforms) = preSolution
		Debug|Any CPU = Debug|Any CPU
		Release|Any CPU = Release|Any CPU
	EndGlobalSection
	GlobalSection(ProjectConfigurationPlatforms) = postSolution
		{5E8EE3E1-1899-42C1-876A-28F332C2380D}.Debug|Any CPU.ActiveCfg = Debug|Any CPU
		{5E8EE3E1-1899-42C1-876A-28F332C2380D}.Debug|Any CPU.Build.0 = Debug|Any CPU
		{5E8EE3E1-1899-42C1-876A-28F332C2380D}.Release|Any CPU.ActiveCfg = Release|Any CPU
		{5E8EE3E1-1899-42C1-876A-28F332C2380D}.Release|Any CPU.Build.0 = Release|Any CPU
		{B0941A8D-77A1-4EF5-8569-FD9A09C9F83E}.Debug|Any CPU.ActiveCfg = Debug|Any CPU
		{B0941A8D-77A1-4EF5-8569-FD9A09C9F83E}.Debug|Any CPU.Build.0 = Debug|Any CPU
		{B0941A8D-77A1-4EF5-8569-FD9A09C9F83E}.Release|Any CPU.ActiveCfg = Release|Any CPU
		{B0941A8D-77A1-4EF5-8569-FD9A09C9F83E}.Release|Any CPU.Build.0 = Release|Any CPU
		{E3492665-04AA-48E4-B889-CA4B66DD8A55}.Debug|Any CPU.ActiveCfg = Debug|Any CPU
		{E3492665-04AA-48E4-B889-CA4B66DD8A55}.Debug|Any CPU.Build.0 = Debug|Any CPU
		{E3492665-04AA-48E4-B889-CA4B66DD8A55}.Release|Any CPU.ActiveCfg = Release|Any CPU
		{E3492665-04AA-48E4-B889-CA4B66DD8A55}.Release|Any CPU.Build.0 = Release|Any CPU
		{AA14F626-5032-4065-98D8-1D41A44C2C96}.Debug|Any CPU.ActiveCfg = Debug|Any CPU
		{AA14F626-5032-4065-98D8-1D41A44C2C96}.Debug|Any CPU.Build.0 = Debug|Any CPU
		{AA14F626-5032-4065-98D8-1D41A44C2C96}.Release|Any CPU.ActiveCfg = Release|Any CPU
		{AA14F626-5032-4065-98D8-1D41A44C2C96}.Release|Any CPU.Build.0 = Release|Any CPU
		{804F809E-E4BD-4C99-884B-D7D6A783F726}.Debug|Any CPU.ActiveCfg = Debug|Any CPU
		{804F809E-E4BD-4C99-884B-D7D6A783F726}.Debug|Any CPU.Build.0 = Debug|Any CPU
		{804F809E-E4BD-4C99-884B-D7D6A783F726}.Release|Any CPU.ActiveCfg = Release|Any CPU
		{804F809E-E4BD-4C99-884B-D7D6A783F726}.Release|Any CPU.Build.0 = Release|Any CPU
		{10DD0B6C-6887-4ADC-8504-F447171776DE}.Debug|Any CPU.ActiveCfg = Debug|Any CPU
		{10DD0B6C-6887-4ADC-8504-F447171776DE}.Debug|Any CPU.Build.0 = Debug|Any CPU
		{10DD0B6C-6887-4ADC-8504-F447171776DE}.Release|Any CPU.ActiveCfg = Release|Any CPU
		{10DD0B6C-6887-4ADC-8504-F447171776DE}.Release|Any CPU.Build.0 = Release|Any CPU
		{72AEB1BC-059B-4579-8CC2-6EDAA25D66EB}.Debug|Any CPU.ActiveCfg = Debug|Any CPU
		{72AEB1BC-059B-4579-8CC2-6EDAA25D66EB}.Debug|Any CPU.Build.0 = Debug|Any CPU
		{72AEB1BC-059B-4579-8CC2-6EDAA25D66EB}.Release|Any CPU.ActiveCfg = Release|Any CPU
		{72AEB1BC-059B-4579-8CC2-6EDAA25D66EB}.Release|Any CPU.Build.0 = Release|Any CPU
		{653898A2-8692-41AB-B373-A221D0A39EE0}.Debug|Any CPU.ActiveCfg = Debug|Any CPU
		{653898A2-8692-41AB-B373-A221D0A39EE0}.Debug|Any CPU.Build.0 = Debug|Any CPU
		{653898A2-8692-41AB-B373-A221D0A39EE0}.Release|Any CPU.ActiveCfg = Release|Any CPU
		{653898A2-8692-41AB-B373-A221D0A39EE0}.Release|Any CPU.Build.0 = Release|Any CPU
		{2C915950-37F6-4DCA-B7A5-DDE6113E50DE}.Debug|Any CPU.ActiveCfg = Debug|Any CPU
		{2C915950-37F6-4DCA-B7A5-DDE6113E50DE}.Debug|Any CPU.Build.0 = Debug|Any CPU
		{2C915950-37F6-4DCA-B7A5-DDE6113E50DE}.Release|Any CPU.ActiveCfg = Release|Any CPU
		{2C915950-37F6-4DCA-B7A5-DDE6113E50DE}.Release|Any CPU.Build.0 = Release|Any CPU
		{010E7C85-208A-4CCD-9055-5CE206140147}.Debug|Any CPU.ActiveCfg = Debug|Any CPU
		{010E7C85-208A-4CCD-9055-5CE206140147}.Debug|Any CPU.Build.0 = Debug|Any CPU
		{010E7C85-208A-4CCD-9055-5CE206140147}.Release|Any CPU.ActiveCfg = Release|Any CPU
		{010E7C85-208A-4CCD-9055-5CE206140147}.Release|Any CPU.Build.0 = Release|Any CPU
		{D8D4A651-F0A3-4C07-B86F-B1EA916AC043}.Debug|Any CPU.ActiveCfg = Debug|Any CPU
		{D8D4A651-F0A3-4C07-B86F-B1EA916AC043}.Debug|Any CPU.Build.0 = Debug|Any CPU
		{D8D4A651-F0A3-4C07-B86F-B1EA916AC043}.Release|Any CPU.ActiveCfg = Release|Any CPU
		{D8D4A651-F0A3-4C07-B86F-B1EA916AC043}.Release|Any CPU.Build.0 = Release|Any CPU
		{3308A956-6186-4992-9C13-89C5049F2E32}.Debug|Any CPU.ActiveCfg = Debug|Any CPU
		{3308A956-6186-4992-9C13-89C5049F2E32}.Debug|Any CPU.Build.0 = Debug|Any CPU
		{3308A956-6186-4992-9C13-89C5049F2E32}.Release|Any CPU.ActiveCfg = Release|Any CPU
		{3308A956-6186-4992-9C13-89C5049F2E32}.Release|Any CPU.Build.0 = Release|Any CPU
		{96423501-EF8F-43A4-9B25-D1D54AE0534B}.Debug|Any CPU.ActiveCfg = Debug|Any CPU
		{96423501-EF8F-43A4-9B25-D1D54AE0534B}.Debug|Any CPU.Build.0 = Debug|Any CPU
		{96423501-EF8F-43A4-9B25-D1D54AE0534B}.Release|Any CPU.ActiveCfg = Release|Any CPU
		{96423501-EF8F-43A4-9B25-D1D54AE0534B}.Release|Any CPU.Build.0 = Release|Any CPU
		{2ADB85C6-8C1B-439C-869E-1E86ACE91F2E}.Debug|Any CPU.ActiveCfg = Debug|Any CPU
		{2ADB85C6-8C1B-439C-869E-1E86ACE91F2E}.Debug|Any CPU.Build.0 = Debug|Any CPU
		{2ADB85C6-8C1B-439C-869E-1E86ACE91F2E}.Release|Any CPU.ActiveCfg = Release|Any CPU
		{2ADB85C6-8C1B-439C-869E-1E86ACE91F2E}.Release|Any CPU.Build.0 = Release|Any CPU
		{8D0B7CC7-9887-4004-89E6-1A74FBD50900}.Debug|Any CPU.ActiveCfg = Debug|Any CPU
		{8D0B7CC7-9887-4004-89E6-1A74FBD50900}.Debug|Any CPU.Build.0 = Debug|Any CPU
		{8D0B7CC7-9887-4004-89E6-1A74FBD50900}.Release|Any CPU.ActiveCfg = Release|Any CPU
		{8D0B7CC7-9887-4004-89E6-1A74FBD50900}.Release|Any CPU.Build.0 = Release|Any CPU
		{D524D025-784D-466D-80E1-BD39FD0AE0F6}.Debug|Any CPU.ActiveCfg = Debug|Any CPU
		{D524D025-784D-466D-80E1-BD39FD0AE0F6}.Debug|Any CPU.Build.0 = Debug|Any CPU
		{D524D025-784D-466D-80E1-BD39FD0AE0F6}.Release|Any CPU.ActiveCfg = Release|Any CPU
		{D524D025-784D-466D-80E1-BD39FD0AE0F6}.Release|Any CPU.Build.0 = Release|Any CPU
		{0902C0A7-ACAE-4D36-9268-C615AA00D6B0}.Debug|Any CPU.ActiveCfg = Debug|Any CPU
		{0902C0A7-ACAE-4D36-9268-C615AA00D6B0}.Debug|Any CPU.Build.0 = Debug|Any CPU
		{0902C0A7-ACAE-4D36-9268-C615AA00D6B0}.Release|Any CPU.ActiveCfg = Release|Any CPU
		{0902C0A7-ACAE-4D36-9268-C615AA00D6B0}.Release|Any CPU.Build.0 = Release|Any CPU
		{673F1247-7C5B-4461-AEBC-417E34926F5C}.Debug|Any CPU.ActiveCfg = Debug|Any CPU
		{673F1247-7C5B-4461-AEBC-417E34926F5C}.Debug|Any CPU.Build.0 = Debug|Any CPU
		{673F1247-7C5B-4461-AEBC-417E34926F5C}.Release|Any CPU.ActiveCfg = Release|Any CPU
		{673F1247-7C5B-4461-AEBC-417E34926F5C}.Release|Any CPU.Build.0 = Release|Any CPU
	EndGlobalSection
	GlobalSection(NestedProjects) = preSolution
		{5E8EE3E1-1899-42C1-876A-28F332C2380D} = {001F2F4E-41BE-48D9-959C-5F55FE5A1C81}
		{B0941A8D-77A1-4EF5-8569-FD9A09C9F83E} = {001F2F4E-41BE-48D9-959C-5F55FE5A1C81}
		{E3492665-04AA-48E4-B889-CA4B66DD8A55} = {001F2F4E-41BE-48D9-959C-5F55FE5A1C81}
		{AA14F626-5032-4065-98D8-1D41A44C2C96} = {001F2F4E-41BE-48D9-959C-5F55FE5A1C81}
		{804F809E-E4BD-4C99-884B-D7D6A783F726} = {001F2F4E-41BE-48D9-959C-5F55FE5A1C81}
		{10DD0B6C-6887-4ADC-8504-F447171776DE} = {001F2F4E-41BE-48D9-959C-5F55FE5A1C81}
		{72AEB1BC-059B-4579-8CC2-6EDAA25D66EB} = {001F2F4E-41BE-48D9-959C-5F55FE5A1C81}
		{653898A2-8692-41AB-B373-A221D0A39EE0} = {FD5D0DE2-ED29-42B0-9B1C-8545642EEC5C}
		{2C915950-37F6-4DCA-B7A5-DDE6113E50DE} = {FD5D0DE2-ED29-42B0-9B1C-8545642EEC5C}
		{010E7C85-208A-4CCD-9055-5CE206140147} = {001F2F4E-41BE-48D9-959C-5F55FE5A1C81}
		{D8D4A651-F0A3-4C07-B86F-B1EA916AC043} = {2B35B78E-EE66-436E-B2CE-7E577B1D2A84}
		{3308A956-6186-4992-9C13-89C5049F2E32} = {2B35B78E-EE66-436E-B2CE-7E577B1D2A84}
		{96423501-EF8F-43A4-9B25-D1D54AE0534B} = {2B35B78E-EE66-436E-B2CE-7E577B1D2A84}
		{2ADB85C6-8C1B-439C-869E-1E86ACE91F2E} = {2B35B78E-EE66-436E-B2CE-7E577B1D2A84}
		{8D0B7CC7-9887-4004-89E6-1A74FBD50900} = {2B35B78E-EE66-436E-B2CE-7E577B1D2A84}
		{D524D025-784D-466D-80E1-BD39FD0AE0F6} = {2B35B78E-EE66-436E-B2CE-7E577B1D2A84}
		{0902C0A7-ACAE-4D36-9268-C615AA00D6B0} = {001F2F4E-41BE-48D9-959C-5F55FE5A1C81}
		{673F1247-7C5B-4461-AEBC-417E34926F5C} = {001F2F4E-41BE-48D9-959C-5F55FE5A1C81}
	EndGlobalSection
EndGlobal
